
Microsoft Visual Studio Solution File, Format Version 12.00
# Visual Studio Version 16
VisualStudioVersion = 16.0.31321.278
MinimumVisualStudioVersion = 10.0.40219.1
Project("{FAE04EC0-301F-11D3-BF4B-00C04F79EFBC}") = "WebsiteVisitorsAPI", "WebsiteVisitorsAPI\WebsiteVisitorsAPI.csproj", "{33F36AD9-FEA2-4396-AEAD-C2D6884CFB83}"
EndProject
Global
	GlobalSection(SolutionConfigurationPlatforms) = preSolution
		Debug|Any CPU = Debug|Any CPU
		Release|Any CPU = Release|Any CPU
	EndGlobalSection
	GlobalSection(ProjectConfigurationPlatforms) = postSolution
		{33F36AD9-FEA2-4396-AEAD-C2D6884CFB83}.Debug|Any CPU.ActiveCfg = Debug|Any CPU
		{33F36AD9-FEA2-4396-AEAD-C2D6884CFB83}.Debug|Any CPU.Build.0 = Debug|Any CPU
		{33F36AD9-FEA2-4396-AEAD-C2D6884CFB83}.Release|Any CPU.ActiveCfg = Release|Any CPU
		{33F36AD9-FEA2-4396-AEAD-C2D6884CFB83}.Release|Any CPU.Build.0 = Release|Any CPU
	EndGlobalSection
	GlobalSection(SolutionProperties) = preSolution
		HideSolutionNode = FALSE
	EndGlobalSection
	GlobalSection(ExtensibilityGlobals) = postSolution
		SolutionGuid = {6F2D7B18-80E2-4714-96C8-D46F882516C0}
	EndGlobalSection
EndGlobal
